{
  "name": "suyuan",
  "lockfileVersion": 3,
  "requires": true,
  "packages": {
    "": {
      "dependencies": {
        "markdown-it-multimd-table": "^4.2.3"
      }
    },
    "node_modules/markdown-it-multimd-table": {
      "version": "4.2.3",
      "resolved": "https://registry.npmmirror.com/markdown-it-multimd-table/-/markdown-it-multimd-table-4.2.3.tgz",
      "integrity": "sha512-KepCr2OMJqm7IT6sOIbuqHGe+NERhgy66XMrc5lo6dHW7oaPzMDtYwR1EGwK16/blb6mCSg4jqityOe0o/H7HA==",
      "license": "MIT"
    }
  }
}
